<Solution>
  <Folder Name="/src/">
    <Project Path="src/AntDesign.X.Blazor/AntDesign.X.Blazor.csproj" />
  </Folder>
  <Folder Name="/examples/">
    <Project Path="examples/AntDesign.X.Blazor.Demo/AntDesign.X.Blazor.Demo.csproj" />
  </Folder>
  <Folder Name="/docs/">
    <File Path="README.md" />
    <File Path="ROADMAP.md" />
    <File Path="LICENSE" />
  </Folder>
</Solution>
